
Microsoft Visual Studio Solution File, Format Version 12.00
# Visual Studio Version 17
VisualStudioVersion = 17.11.35327.3
MinimumVisualStudioVersion = 10.0.40219.1
Project("{9A19103F-16F7-4668-BE54-9A1E7A4F7556}") = "KoiPondConstructionManagement", "KoiPondConstructionManagement\KoiPondConstructionManagement.csproj", "{991D95C1-FBF7-46D6-B039-4B8311758090}"
EndProject
Project("{9A19103F-16F7-4668-BE54-9A1E7A4F7556}") = "Application", "Application\Application.csproj", "{710C943D-5F59-47DC-9877-502F802A8D09}"
EndProject
Project("{9A19103F-16F7-4668-BE54-9A1E7A4F7556}") = "Domain", "Domain\Domain.csproj", "{39B675AA-C906-4474-B4E2-E01C9DBE597E}"
EndProject
Project("{9A19103F-16F7-4668-BE54-9A1E7A4F7556}") = "Infrastructure", "Infrastructure\Infrastructure.csproj", "{AB5D3F36-0ACD-4D8D-824E-D89FC5CA63C8}"
EndProject
Global
	GlobalSection(SolutionConfigurationPlatforms) = preSolution
		Debug|Any CPU = Debug|Any CPU
		Release|Any CPU = Release|Any CPU
	EndGlobalSection
	GlobalSection(ProjectConfigurationPlatforms) = postSolution
		{991D95C1-FBF7-46D6-B039-4B8311758090}.Debug|Any CPU.ActiveCfg = Debug|Any CPU
		{991D95C1-FBF7-46D6-B039-4B8311758090}.Debug|Any CPU.Build.0 = Debug|Any CPU
		{991D95C1-FBF7-46D6-B039-4B8311758090}.Release|Any CPU.ActiveCfg = Release|Any CPU
		{991D95C1-FBF7-46D6-B039-4B8311758090}.Release|Any CPU.Build.0 = Release|Any CPU
		{710C943D-5F59-47DC-9877-502F802A8D09}.Debug|Any CPU.ActiveCfg = Debug|Any CPU
		{710C943D-5F59-47DC-9877-502F802A8D09}.Debug|Any CPU.Build.0 = Debug|Any CPU
		{710C943D-5F59-47DC-9877-502F802A8D09}.Release|Any CPU.ActiveCfg = Release|Any CPU
		{710C943D-5F59-47DC-9877-502F802A8D09}.Release|Any CPU.Build.0 = Release|Any CPU
		{39B675AA-C906-4474-B4E2-E01C9DBE597E}.Debug|Any CPU.ActiveCfg = Debug|Any CPU
		{39B675AA-C906-4474-B4E2-E01C9DBE597E}.Debug|Any CPU.Build.0 = Debug|Any CPU
		{39B675AA-C906-4474-B4E2-E01C9DBE597E}.Release|Any CPU.ActiveCfg = Release|Any CPU
		{39B675AA-C906-4474-B4E2-E01C9DBE597E}.Release|Any CPU.Build.0 = Release|Any CPU
		{AB5D3F36-0ACD-4D8D-824E-D89FC5CA63C8}.Debug|Any CPU.ActiveCfg = Debug|Any CPU
		{AB5D3F36-0ACD-4D8D-824E-D89FC5CA63C8}.Debug|Any CPU.Build.0 = Debug|Any CPU
		{AB5D3F36-0ACD-4D8D-824E-D89FC5CA63C8}.Release|Any CPU.ActiveCfg = Release|Any CPU
		{AB5D3F36-0ACD-4D8D-824E-D89FC5CA63C8}.Release|Any CPU.Build.0 = Release|Any CPU
	EndGlobalSection
	GlobalSection(SolutionProperties) = preSolution
		HideSolutionNode = FALSE
	EndGlobalSection
	GlobalSection(ExtensibilityGlobals) = postSolution
		SolutionGuid = {0156CC13-8EB6-4EA6-B5D9-61515F36D07C}
	EndGlobalSection
EndGlobal
